
Microsoft Visual Studio Solution File, Format Version 12.00
# Visual Studio Version 17
VisualStudioVersion = 17.5.33502.453
MinimumVisualStudioVersion = 10.0.40219.1
Project("{9A19103F-16F7-4668-BE54-9A1E7A4F7556}") = "Indexer", "Indexer\Indexer.csproj", "{7F4ADC70-20AE-423B-9D46-FABEE2E9F5D2}"
EndProject
Project("{9A19103F-16F7-4668-BE54-9A1E7A4F7556}") = "ConsoleSearch", "ConsoleSearch\ConsoleSearch.csproj", "{8DF99C5C-09E2-430F-8DAD-5052DF2A9076}"
EndProject
Project("{9A19103F-16F7-4668-BE54-9A1E7A4F7556}") = "Common", "Common\Common.csproj", "{CE712703-C16E-4CB9-B118-A07B582E45DC}"
EndProject
Project("{9A19103F-16F7-4668-BE54-9A1E7A4F7556}") = "SearchAPI", "SearchAPI\SearchAPI.csproj", "{D5A7BEA7-A8A9-45E8-8CA0-06DC3B0AE427}"
EndProject
Project("{9A19103F-16F7-4668-BE54-9A1E7A4F7556}") = "WebSearch", "WebSearch\WebSearch.csproj", "{CD51FAE0-8828-451A-BBF1-417EC5122571}"
EndProject
Project("{9A19103F-16F7-4668-BE54-9A1E7A4F7556}") = "TestProject", "TestProject\TestProject.csproj", "{5881448A-8588-4ECF-BBC8-53221BB9DC48}"
EndProject
Project("{E53339B2-1760-4266-BCC7-CA923CBCF16C}") = "docker-compose", "docker-compose.dcproj", "{AA673140-7C36-4716-B5B5-E30F8EB06CDB}"
EndProject
Project("{FAE04EC0-301F-11D3-BF4B-00C04F79EFBC}") = "LoadBalancer", "LoadBalancer\LoadBalancer.csproj", "{0AC5067F-8B5B-4982-9149-509A718B12DD}"
EndProject
Global
	GlobalSection(SolutionConfigurationPlatforms) = preSolution
		Debug|Any CPU = Debug|Any CPU
		Release|Any CPU = Release|Any CPU
	EndGlobalSection
	GlobalSection(ProjectConfigurationPlatforms) = postSolution
		{7F4ADC70-20AE-423B-9D46-FABEE2E9F5D2}.Debug|Any CPU.ActiveCfg = Debug|Any CPU
		{7F4ADC70-20AE-423B-9D46-FABEE2E9F5D2}.Debug|Any CPU.Build.0 = Debug|Any CPU
		{7F4ADC70-20AE-423B-9D46-FABEE2E9F5D2}.Release|Any CPU.ActiveCfg = Release|Any CPU
		{7F4ADC70-20AE-423B-9D46-FABEE2E9F5D2}.Release|Any CPU.Build.0 = Release|Any CPU
		{8DF99C5C-09E2-430F-8DAD-5052DF2A9076}.Debug|Any CPU.ActiveCfg = Debug|Any CPU
		{8DF99C5C-09E2-430F-8DAD-5052DF2A9076}.Debug|Any CPU.Build.0 = Debug|Any CPU
		{8DF99C5C-09E2-430F-8DAD-5052DF2A9076}.Release|Any CPU.ActiveCfg = Release|Any CPU
		{8DF99C5C-09E2-430F-8DAD-5052DF2A9076}.Release|Any CPU.Build.0 = Release|Any CPU
		{CE712703-C16E-4CB9-B118-A07B582E45DC}.Debug|Any CPU.ActiveCfg = Debug|Any CPU
		{CE712703-C16E-4CB9-B118-A07B582E45DC}.Debug|Any CPU.Build.0 = Debug|Any CPU
		{CE712703-C16E-4CB9-B118-A07B582E45DC}.Release|Any CPU.ActiveCfg = Release|Any CPU
		{CE712703-C16E-4CB9-B118-A07B582E45DC}.Release|Any CPU.Build.0 = Release|Any CPU
		{D5A7BEA7-A8A9-45E8-8CA0-06DC3B0AE427}.Debug|Any CPU.ActiveCfg = Debug|Any CPU
		{D5A7BEA7-A8A9-45E8-8CA0-06DC3B0AE427}.Debug|Any CPU.Build.0 = Debug|Any CPU
		{D5A7BEA7-A8A9-45E8-8CA0-06DC3B0AE427}.Release|Any CPU.ActiveCfg = Release|Any CPU
		{D5A7BEA7-A8A9-45E8-8CA0-06DC3B0AE427}.Release|Any CPU.Build.0 = Release|Any CPU
		{CD51FAE0-8828-451A-BBF1-417EC5122571}.Debug|Any CPU.ActiveCfg = Debug|Any CPU
		{CD51FAE0-8828-451A-BBF1-417EC5122571}.Debug|Any CPU.Build.0 = Debug|Any CPU
		{CD51FAE0-8828-451A-BBF1-417EC5122571}.Release|Any CPU.ActiveCfg = Release|Any CPU
		{CD51FAE0-8828-451A-BBF1-417EC5122571}.Release|Any CPU.Build.0 = Release|Any CPU
		{5881448A-8588-4ECF-BBC8-53221BB9DC48}.Debug|Any CPU.ActiveCfg = Debug|Any CPU
		{5881448A-8588-4ECF-BBC8-53221BB9DC48}.Debug|Any CPU.Build.0 = Debug|Any CPU
		{5881448A-8588-4ECF-BBC8-53221BB9DC48}.Release|Any CPU.ActiveCfg = Release|Any CPU
		{5881448A-8588-4ECF-BBC8-53221BB9DC48}.Release|Any CPU.Build.0 = Release|Any CPU
		{AA673140-7C36-4716-B5B5-E30F8EB06CDB}.Debug|Any CPU.ActiveCfg = Debug|Any CPU
		{AA673140-7C36-4716-B5B5-E30F8EB06CDB}.Debug|Any CPU.Build.0 = Debug|Any CPU
		{AA673140-7C36-4716-B5B5-E30F8EB06CDB}.Release|Any CPU.ActiveCfg = Release|Any CPU
		{AA673140-7C36-4716-B5B5-E30F8EB06CDB}.Release|Any CPU.Build.0 = Release|Any CPU
		{0AC5067F-8B5B-4982-9149-509A718B12DD}.Debug|Any CPU.ActiveCfg = Debug|Any CPU
		{0AC5067F-8B5B-4982-9149-509A718B12DD}.Debug|Any CPU.Build.0 = Debug|Any CPU
		{0AC5067F-8B5B-4982-9149-509A718B12DD}.Release|Any CPU.ActiveCfg = Release|Any CPU
		{0AC5067F-8B5B-4982-9149-509A718B12DD}.Release|Any CPU.Build.0 = Release|Any CPU
	EndGlobalSection
	GlobalSection(SolutionProperties) = preSolution
		HideSolutionNode = FALSE
	EndGlobalSection
	GlobalSection(ExtensibilityGlobals) = postSolution
		SolutionGuid = {0EBC1CCA-0BFD-4D41-AE7E-1157EA73535D}
	EndGlobalSection
EndGlobal
